
Microsoft Visual Studio Solution File, Format Version 12.00
# Visual Studio Version 16
VisualStudioVersion = 16.0.30204.135
MinimumVisualStudioVersion = 10.0.40219.1
Project("{FAE04EC0-301F-11D3-BF4B-00C04F79EFBC}") = "ProyectoTienda", "ProyectoTienda\ProyectoTienda.csproj", "{C69E0896-C50F-43A4-A811-02F41085CA0A}"
EndProject
Global
	GlobalSection(SolutionConfigurationPlatforms) = preSolution
		Debug|Any CPU = Debug|Any CPU
		Release|Any CPU = Release|Any CPU
	EndGlobalSection
	GlobalSection(ProjectConfigurationPlatforms) = postSolution
		{C69E0896-C50F-43A4-A811-02F41085CA0A}.Debug|Any CPU.ActiveCfg = Debug|Any CPU
		{C69E0896-C50F-43A4-A811-02F41085CA0A}.Debug|Any CPU.Build.0 = Debug|Any CPU
		{C69E0896-C50F-43A4-A811-02F41085CA0A}.Release|Any CPU.ActiveCfg = Release|Any CPU
		{C69E0896-C50F-43A4-A811-02F41085CA0A}.Release|Any CPU.Build.0 = Release|Any CPU
	EndGlobalSection
	GlobalSection(SolutionProperties) = preSolution
		HideSolutionNode = FALSE
	EndGlobalSection
	GlobalSection(ExtensibilityGlobals) = postSolution
		SolutionGuid = {EF61904D-39B4-4855-A56F-E13B64C395A2}
	EndGlobalSection
EndGlobal
